// !$*UTF8*$!
{
	archiveVersion = 1;
	classes = {
	};
	objectVersion = 46;
	objects = {

/* Begin PBXBuildFile section */
		5CEA9CA41AA008DD000C4B54 /* AppDelegate.swift in Sources */ = {isa = PBXBuildFile; fileRef = 5CEA9CA31AA008DD000C4B54 /* AppDelegate.swift */; };
		5CEA9CA61AA008DD000C4B54 /* GameScene.sks in Resources */ = {isa = PBXBuildFile; fileRef = 5CEA9CA51AA008DD000C4B54 /* GameScene.sks */; };
		5CEA9CA81AA008DD000C4B54 /* GameScene.swift in Sources */ = {isa = PBXBuildFile; fileRef = 5CEA9CA71AA008DD000C4B54 /* GameScene.swift */; };
		5CEA9CAA1AA008DD000C4B54 /* GameViewController.swift in Sources */ = {isa = PBXBuildFile; fileRef = 5CEA9CA91AA008DD000C4B54 /* GameViewController.swift */; };
		5CEA9CAD1AA008DD000C4B54 /* Main.storyboard in Resources */ = {isa = PBXBuildFile; fileRef = 5CEA9CAB1AA008DD000C4B54 /* Main.storyboard */; };
		5CEA9CAF1AA008DD000C4B54 /* Images.xcassets in Resources */ = {isa = PBXBuildFile; fileRef = 5CEA9CAE1AA008DD000C4B54 /* Images.xcassets */; };
		5CEA9CB21AA008DD000C4B54 /* LaunchScreen.xib in Resources */ = {isa = PBXBuildFile; fileRef = 5CEA9CB01AA008DD000C4B54 /* LaunchScreen.xib */; };
		5CEA9CBE1AA008DD000C4B54 /* SwiftHillsTests.swift in Sources */ = {isa = PBXBuildFile; fileRef = 5CEA9CBD1AA008DD000C4B54 /* SwiftHillsTests.swift */; };
		5CEA9CC81AA009D4000C4B54 /* ParallaxNode.swift in Sources */ = {isa = PBXBuildFile; fileRef = 5CEA9CC71AA009D4000C4B54 /* ParallaxNode.swift */; };
		720DB4611AAE48E600F0B832 /* hill2.png in Resources */ = {isa = PBXBuildFile; fileRef = 720DB4601AAE48E600F0B832 /* hill2.png */; };
		720DB4631AAEA13300F0B832 /* GameNode.swift in Sources */ = {isa = PBXBuildFile; fileRef = 720DB4621AAEA13300F0B832 /* GameNode.swift */; };
		720DB4651AAECA5200F0B832 /* World.swift in Sources */ = {isa = PBXBuildFile; fileRef = 720DB4641AAECA5200F0B832 /* World.swift */; };
		7248D2831AABDC5B004656F3 /* Hill.swift in Sources */ = {isa = PBXBuildFile; fileRef = 7248D2821AABDC5B004656F3 /* Hill.swift */; };
		7248D2851AAD9E51004656F3 /* hill.png in Resources */ = {isa = PBXBuildFile; fileRef = 7248D2841AAD9E51004656F3 /* hill.png */; };
		729781941AA3013800648132 /* bg_front_spacedust.png in Resources */ = {isa = PBXBuildFile; fileRef = 729781761AA3013800648132 /* bg_front_spacedust.png */; };
		729781951AA3013800648132 /* bg_galaxy.png in Resources */ = {isa = PBXBuildFile; fileRef = 729781771AA3013800648132 /* bg_galaxy.png */; };
		729781961AA3013800648132 /* bg_planetsunrise.png in Resources */ = {isa = PBXBuildFile; fileRef = 729781781AA3013800648132 /* bg_planetsunrise.png */; };
		729781971AA3013800648132 /* bg_spacialanomaly.png in Resources */ = {isa = PBXBuildFile; fileRef = 729781791AA3013800648132 /* bg_spacialanomaly.png */; };
		729781981AA3013800648132 /* bg_spacialanomaly2.png in Resources */ = {isa = PBXBuildFile; fileRef = 7297817A1AA3013800648132 /* bg_spacialanomaly2.png */; };
		7297819A1AA3013800648132 /* icon-large@2x.png in Resources */ = {isa = PBXBuildFile; fileRef = 7297817F1AA3013800648132 /* icon-large@2x.png */; };
		7297819B1AA3013800648132 /* icon-medium.png in Resources */ = {isa = PBXBuildFile; fileRef = 729781801AA3013800648132 /* icon-medium.png */; };
		7297819C1AA3013800648132 /* icon-medium@2x.png in Resources */ = {isa = PBXBuildFile; fileRef = 729781811AA3013800648132 /* icon-medium@2x.png */; };
		7297819D1AA3013800648132 /* icon-small.png in Resources */ = {isa = PBXBuildFile; fileRef = 729781821AA3013800648132 /* icon-small.png */; };
		7297819E1AA3013800648132 /* icon-small@2x.png in Resources */ = {isa = PBXBuildFile; fileRef = 729781831AA3013800648132 /* icon-small@2x.png */; };
		7297819F1AA3013800648132 /* star1.png in Resources */ = {isa = PBXBuildFile; fileRef = 729781851AA3013800648132 /* star1.png */; };
		729781A01AA3013800648132 /* star2.png in Resources */ = {isa = PBXBuildFile; fileRef = 729781861AA3013800648132 /* star2.png */; };
		729781A11AA3013800648132 /* star3.png in Resources */ = {isa = PBXBuildFile; fileRef = 729781871AA3013800648132 /* star3.png */; };
		729781A21AA3013800648132 /* stars1.sks in Resources */ = {isa = PBXBuildFile; fileRef = 729781881AA3013800648132 /* stars1.sks */; };
		729781A31AA3013800648132 /* stars2.sks in Resources */ = {isa = PBXBuildFile; fileRef = 729781891AA3013800648132 /* stars2.sks */; };
		729781A41AA3013800648132 /* stars3.sks in Resources */ = {isa = PBXBuildFile; fileRef = 7297818A1AA3013800648132 /* stars3.sks */; };
		729781A51AA3013800648132 /* explosion_large.caf in Resources */ = {isa = PBXBuildFile; fileRef = 7297818C1AA3013800648132 /* explosion_large.caf */; };
		729781A61AA3013800648132 /* explosion_small.caf in Resources */ = {isa = PBXBuildFile; fileRef = 7297818D1AA3013800648132 /* explosion_small.caf */; };
		729781A71AA3013800648132 /* laser_enemy.caf in Resources */ = {isa = PBXBuildFile; fileRef = 7297818E1AA3013800648132 /* laser_enemy.caf */; };
		729781A81AA3013800648132 /* laser_ship.caf in Resources */ = {isa = PBXBuildFile; fileRef = 7297818F1AA3013800648132 /* laser_ship.caf */; };
		729781A91AA3013800648132 /* powerup.caf in Resources */ = {isa = PBXBuildFile; fileRef = 729781901AA3013800648132 /* powerup.caf */; };
		729781AA1AA3013800648132 /* shake.caf in Resources */ = {isa = PBXBuildFile; fileRef = 729781911AA3013800648132 /* shake.caf */; };
		729781AB1AA3013800648132 /* SpaceGame.caf in Resources */ = {isa = PBXBuildFile; fileRef = 729781921AA3013800648132 /* SpaceGame.caf */; };
		729781AC1AA3013800648132 /* SpaceShooter.atlas in Resources */ = {isa = PBXBuildFile; fileRef = 729781931AA3013800648132 /* SpaceShooter.atlas */; };
		729781B41AA81F0800648132 /* Dillo.swift in Sources */ = {isa = PBXBuildFile; fileRef = 729781B31AA81F0800648132 /* Dillo.swift */; };
		729781B61AA81F1800648132 /* Coin.swift in Sources */ = {isa = PBXBuildFile; fileRef = 729781B51AA81F1800648132 /* Coin.swift */; };
/* End PBXBuildFile section */

/* Begin PBXContainerItemProxy section */
		5CEA9CB81AA008DD000C4B54 /* PBXContainerItemProxy */ = {
			isa = PBXContainerItemProxy;
			containerPortal = 5CEA9C961AA008DD000C4B54 /* Project object */;
			proxyType = 1;
			remoteGlobalIDString = 5CEA9C9D1AA008DD000C4B54;
			remoteInfo = SwiftHills;
		};
/* End PBXContainerItemProxy section */

/* Begin PBXFileReference section */
		5CEA9C9E1AA008DD000C4B54 /* SwiftHills.app */ = {isa = PBXFileReference; explicitFileType = wrapper.application; includeInIndex = 0; path = SwiftHills.app; sourceTree = BUILT_PRODUCTS_DIR; };
		5CEA9CA21AA008DD000C4B54 /* Info.plist */ = {isa = PBXFileReference; lastKnownFileType = text.plist.xml; path = Info.plist; sourceTree = "<group>"; };
		5CEA9CA31AA008DD000C4B54 /* AppDelegate.swift */ = {isa = PBXFileReference; lastKnownFileType = sourcecode.swift; path = AppDelegate.swift; sourceTree = "<group>"; };
		5CEA9CA51AA008DD000C4B54 /* GameScene.sks */ = {isa = PBXFileReference; lastKnownFileType = file.sks; path = GameScene.sks; sourceTree = "<group>"; };
		5CEA9CA71AA008DD000C4B54 /* GameScene.swift */ = {isa = PBXFileReference; lastKnownFileType = sourcecode.swift; path = GameScene.swift; sourceTree = "<group>"; };
		5CEA9CA91AA008DD000C4B54 /* GameViewController.swift */ = {isa = PBXFileReference; lastKnownFileType = sourcecode.swift; path = GameViewController.swift; sourceTree = "<group>"; };
		5CEA9CAC1AA008DD000C4B54 /* Base */ = {isa = PBXFileReference; lastKnownFileType = file.storyboard; name = Base; path = Base.lproj/Main.storyboard; sourceTree = "<group>"; };
		5CEA9CAE1AA008DD000C4B54 /* Images.xcassets */ = {isa = PBXFileReference; lastKnownFileType = folder.assetcatalog; path = Images.xcassets; sourceTree = "<group>"; };
		5CEA9CB11AA008DD000C4B54 /* Base */ = {isa = PBXFileReference; lastKnownFileType = file.xib; name = Base; path = Base.lproj/LaunchScreen.xib; sourceTree = "<group>"; };
		5CEA9CB71AA008DD000C4B54 /* SwiftHillsTests.xctest */ = {isa = PBXFileReference; explicitFileType = wrapper.cfbundle; includeInIndex = 0; path = SwiftHillsTests.xctest; sourceTree = BUILT_PRODUCTS_DIR; };
		5CEA9CBC1AA008DD000C4B54 /* Info.plist */ = {isa = PBXFileReference; lastKnownFileType = text.plist.xml; path = Info.plist; sourceTree = "<group>"; };
		5CEA9CBD1AA008DD000C4B54 /* SwiftHillsTests.swift */ = {isa = PBXFileReference; lastKnownFileType = sourcecode.swift; path = SwiftHillsTests.swift; sourceTree = "<group>"; };
		5CEA9CC71AA009D4000C4B54 /* ParallaxNode.swift */ = {isa = PBXFileReference; fileEncoding = 4; lastKnownFileType = sourcecode.swift; path = ParallaxNode.swift; sourceTree = "<group>"; };
		720DB4601AAE48E600F0B832 /* hill2.png */ = {isa = PBXFileReference; lastKnownFileType = image.png; name = hill2.png; path = Icons/hill2.png; sourceTree = "<group>"; };
		720DB4621AAEA13300F0B832 /* GameNode.swift */ = {isa = PBXFileReference; fileEncoding = 4; lastKnownFileType = sourcecode.swift; path = GameNode.swift; sourceTree = "<group>"; };
		720DB4641AAECA5200F0B832 /* World.swift */ = {isa = PBXFileReference; fileEncoding = 4; lastKnownFileType = sourcecode.swift; path = World.swift; sourceTree = "<group>"; };
		7248D2821AABDC5B004656F3 /* Hill.swift */ = {isa = PBXFileReference; fileEncoding = 4; lastKnownFileType = sourcecode.swift; path = Hill.swift; sourceTree = "<group>"; };
		7248D2841AAD9E51004656F3 /* hill.png */ = {isa = PBXFileReference; lastKnownFileType = image.png; path = hill.png; sourceTree = "<group>"; };
		729781761AA3013800648132 /* bg_front_spacedust.png */ = {isa = PBXFileReference; lastKnownFileType = image.png; path = bg_front_spacedust.png; sourceTree = "<group>"; };
		729781771AA3013800648132 /* bg_galaxy.png */ = {isa = PBXFileReference; lastKnownFileType = image.png; path = bg_galaxy.png; sourceTree = "<group>"; };
		729781781AA3013800648132 /* bg_planetsunrise.png */ = {isa = PBXFileReference; lastKnownFileType = image.png; path = bg_planetsunrise.png; sourceTree = "<group>"; };
		729781791AA3013800648132 /* bg_spacialanomaly.png */ = {isa = PBXFileReference; lastKnownFileType = image.png; path = bg_spacialanomaly.png; sourceTree = "<group>"; };
		7297817A1AA3013800648132 /* bg_spacialanomaly2.png */ = {isa = PBXFileReference; lastKnownFileType = image.png; path = bg_spacialanomaly2.png; sourceTree = "<group>"; };
		7297817F1AA3013800648132 /* icon-large@2x.png */ = {isa = PBXFileReference; lastKnownFileType = image.png; path = "icon-large@2x.png"; sourceTree = "<group>"; };
		729781801AA3013800648132 /* icon-medium.png */ = {isa = PBXFileReference; lastKnownFileType = image.png; path = "icon-medium.png"; sourceTree = "<group>"; };
		729781811AA3013800648132 /* icon-medium@2x.png */ = {isa = PBXFileReference; lastKnownFileType = image.png; path = "icon-medium@2x.png"; sourceTree = "<group>"; };
		729781821AA3013800648132 /* icon-small.png */ = {isa = PBXFileReference; lastKnownFileType = image.png; path = "icon-small.png"; sourceTree = "<group>"; };
		729781831AA3013800648132 /* icon-small@2x.png */ = {isa = PBXFileReference; lastKnownFileType = image.png; path = "icon-small@2x.png"; sourceTree = "<group>"; };
		729781851AA3013800648132 /* star1.png */ = {isa = PBXFileReference; lastKnownFileType = image.png; path = star1.png; sourceTree = "<group>"; };
		729781861AA3013800648132 /* star2.png */ = {isa = PBXFileReference; lastKnownFileType = image.png; path = star2.png; sourceTree = "<group>"; };
		729781871AA3013800648132 /* star3.png */ = {isa = PBXFileReference; lastKnownFileType = image.png; path = star3.png; sourceTree = "<group>"; };
		729781881AA3013800648132 /* stars1.sks */ = {isa = PBXFileReference; lastKnownFileType = file.sks; path = stars1.sks; sourceTree = "<group>"; };
		729781891AA3013800648132 /* stars2.sks */ = {isa = PBXFileReference; lastKnownFileType = file.sks; path = stars2.sks; sourceTree = "<group>"; };
		7297818A1AA3013800648132 /* stars3.sks */ = {isa = PBXFileReference; lastKnownFileType = file.sks; path = stars3.sks; sourceTree = "<group>"; };
		7297818C1AA3013800648132 /* explosion_large.caf */ = {isa = PBXFileReference; lastKnownFileType = file; path = explosion_large.caf; sourceTree = "<group>"; };
		7297818D1AA3013800648132 /* explosion_small.caf */ = {isa = PBXFileReference; lastKnownFileType = file; path = explosion_small.caf; sourceTree = "<group>"; };
		7297818E1AA3013800648132 /* laser_enemy.caf */ = {isa = PBXFileReference; lastKnownFileType = file; path = laser_enemy.caf; sourceTree = "<group>"; };
		7297818F1AA3013800648132 /* laser_ship.caf */ = {isa = PBXFileReference; lastKnownFileType = file; path = laser_ship.caf; sourceTree = "<group>"; };
		729781901AA3013800648132 /* powerup.caf */ = {isa = PBXFileReference; lastKnownFileType = file; path = powerup.caf; sourceTree = "<group>"; };
		729781911AA3013800648132 /* shake.caf */ = {isa = PBXFileReference; lastKnownFileType = file; path = shake.caf; sourceTree = "<group>"; };
		729781921AA3013800648132 /* SpaceGame.caf */ = {isa = PBXFileReference; lastKnownFileType = file; path = SpaceGame.caf; sourceTree = "<group>"; };
		729781931AA3013800648132 /* SpaceShooter.atlas */ = {isa = PBXFileReference; lastKnownFileType = folder.skatlas; path = SpaceShooter.atlas; sourceTree = "<group>"; };
		729781B31AA81F0800648132 /* Dillo.swift */ = {isa = PBXFileReference; fileEncoding = 4; lastKnownFileType = sourcecode.swift; path = Dillo.swift; sourceTree = "<group>"; };
		729781B51AA81F1800648132 /* Coin.swift */ = {isa = PBXFileReference; fileEncoding = 4; lastKnownFileType = sourcecode.swift; path = Coin.swift; sourceTree = "<group>"; };
/* End PBXFileReference section */

/* Begin PBXFrameworksBuildPhase section */
		5CEA9C9B1AA008DD000C4B54 /* Frameworks */ = {
			isa = PBXFrameworksBuildPhase;
			buildActionMask = 2147483647;
			files = (
			);
			runOnlyForDeploymentPostprocessing = 0;
		};
		5CEA9CB41AA008DD000C4B54 /* Frameworks */ = {
			isa = PBXFrameworksBuildPhase;
			buildActionMask = 2147483647;
			files = (
			);
			runOnlyForDeploymentPostprocessing = 0;
		};
/* End PBXFrameworksBuildPhase section */

/* Begin PBXGroup section */
		5CEA9C951AA008DD000C4B54 = {
			isa = PBXGroup;
			children = (
				5CEA9CA01AA008DD000C4B54 /* SwiftHills */,
				5CEA9CBA1AA008DD000C4B54 /* SwiftHillsTests */,
				5CEA9C9F1AA008DD000C4B54 /* Products */,
			);
			sourceTree = "<group>";
		};
		5CEA9C9F1AA008DD000C4B54 /* Products */ = {
			isa = PBXGroup;
			children = (
				5CEA9C9E1AA008DD000C4B54 /* SwiftHills.app */,
				5CEA9CB71AA008DD000C4B54 /* SwiftHillsTests.xctest */,
			);
			name = Products;
			sourceTree = "<group>";
		};
		5CEA9CA01AA008DD000C4B54 /* SwiftHills */ = {
			isa = PBXGroup;
			children = (
				5CEA9CA31AA008DD000C4B54 /* AppDelegate.swift */,
				5CEA9CA51AA008DD000C4B54 /* GameScene.sks */,
				720DB4621AAEA13300F0B832 /* GameNode.swift */,
				5CEA9CC71AA009D4000C4B54 /* ParallaxNode.swift */,
				729781B31AA81F0800648132 /* Dillo.swift */,
				7248D2821AABDC5B004656F3 /* Hill.swift */,
				720DB4641AAECA5200F0B832 /* World.swift */,
				729781B51AA81F1800648132 /* Coin.swift */,
				5CEA9CA71AA008DD000C4B54 /* GameScene.swift */,
				5CEA9CA91AA008DD000C4B54 /* GameViewController.swift */,
				5CEA9CAB1AA008DD000C4B54 /* Main.storyboard */,
				5CEA9CAE1AA008DD000C4B54 /* Images.xcassets */,
				5CEA9CB01AA008DD000C4B54 /* LaunchScreen.xib */,
				5CEA9CA11AA008DD000C4B54 /* Supporting Files */,
				729781741AA3013800648132 /* Resources */,
			);
			path = SwiftHills;
			sourceTree = "<group>";
		};
		5CEA9CA11AA008DD000C4B54 /* Supporting Files */ = {
			isa = PBXGroup;
			children = (
				5CEA9CA21AA008DD000C4B54 /* Info.plist */,
			);
			name = "Supporting Files";
			sourceTree = "<group>";
		};
		5CEA9CBA1AA008DD000C4B54 /* SwiftHillsTests */ = {
			isa = PBXGroup;
			children = (
				5CEA9CBD1AA008DD000C4B54 /* SwiftHillsTests.swift */,
				5CEA9CBB1AA008DD000C4B54 /* Supporting Files */,
			);
			path = SwiftHillsTests;
			sourceTree = "<group>";
		};
		5CEA9CBB1AA008DD000C4B54 /* Supporting Files */ = {
			isa = PBXGroup;
			children = (
				5CEA9CBC1AA008DD000C4B54 /* Info.plist */,
			);
			name = "Supporting Files";
			sourceTree = "<group>";
		};
		729781741AA3013800648132 /* Resources */ = {
			isa = PBXGroup;
			children = (
				720DB4601AAE48E600F0B832 /* hill2.png */,
				7248D2841AAD9E51004656F3 /* hill.png */,
				729781751AA3013800648132 /* Backgrounds */,
				7297817E1AA3013800648132 /* Icons */,
				729781841AA3013800648132 /* Particles */,
				7297818B1AA3013800648132 /* Sounds */,
				729781931AA3013800648132 /* SpaceShooter.atlas */,
			);
			path = Resources;
			sourceTree = "<group>";
		};
		729781751AA3013800648132 /* Backgrounds */ = {
			isa = PBXGroup;
			children = (
				729781761AA3013800648132 /* bg_front_spacedust.png */,
				729781771AA3013800648132 /* bg_galaxy.png */,
				729781781AA3013800648132 /* bg_planetsunrise.png */,
				729781791AA3013800648132 /* bg_spacialanomaly.png */,
				7297817A1AA3013800648132 /* bg_spacialanomaly2.png */,
			);
			path = Backgrounds;
			sourceTree = "<group>";
		};
		7297817E1AA3013800648132 /* Icons */ = {
			isa = PBXGroup;
			children = (
				7297817F1AA3013800648132 /* icon-large@2x.png */,
				729781801AA3013800648132 /* icon-medium.png */,
				729781811AA3013800648132 /* icon-medium@2x.png */,
				729781821AA3013800648132 /* icon-small.png */,
				729781831AA3013800648132 /* icon-small@2x.png */,
			);
			path = Icons;
			sourceTree = "<group>";
		};
		729781841AA3013800648132 /* Particles */ = {
			isa = PBXGroup;
			children = (
				729781851AA3013800648132 /* star1.png */,
				729781861AA3013800648132 /* star2.png */,
				729781871AA3013800648132 /* star3.png */,
				729781881AA3013800648132 /* stars1.sks */,
				729781891AA3013800648132 /* stars2.sks */,
				7297818A1AA3013800648132 /* stars3.sks */,
			);
			path = Particles;
			sourceTree = "<group>";
		};
		7297818B1AA3013800648132 /* Sounds */ = {
			isa = PBXGroup;
			children = (
				7297818C1AA3013800648132 /* explosion_large.caf */,
				7297818D1AA3013800648132 /* explosion_small.caf */,
				7297818E1AA3013800648132 /* laser_enemy.caf */,
				7297818F1AA3013800648132 /* laser_ship.caf */,
				729781901AA3013800648132 /* powerup.caf */,
				729781911AA3013800648132 /* shake.caf */,
				729781921AA3013800648132 /* SpaceGame.caf */,
			);
			path = Sounds;
			sourceTree = "<group>";
		};
/* End PBXGroup section */

/* Begin PBXNativeTarget section */
		5CEA9C9D1AA008DD000C4B54 /* SwiftHills */ = {
			isa = PBXNativeTarget;
			buildConfigurationList = 5CEA9CC11AA008DD000C4B54 /* Build configuration list for PBXNativeTarget "SwiftHills" */;
			buildPhases = (
				5CEA9C9A1AA008DD000C4B54 /* Sources */,
				5CEA9C9B1AA008DD000C4B54 /* Frameworks */,
				5CEA9C9C1AA008DD000C4B54 /* Resources */,
			);
			buildRules = (
			);
			dependencies = (
			);
			name = SwiftHills;
			productName = SwiftHills;
			productReference = 5CEA9C9E1AA008DD000C4B54 /* SwiftHills.app */;
			productType = "com.apple.product-type.application";
		};
		5CEA9CB61AA008DD000C4B54 /* SwiftHillsTests */ = {
			isa = PBXNativeTarget;
			buildConfigurationList = 5CEA9CC41AA008DD000C4B54 /* Build configuration list for PBXNativeTarget "SwiftHillsTests" */;
			buildPhases = (
				5CEA9CB31AA008DD000C4B54 /* Sources */,
				5CEA9CB41AA008DD000C4B54 /* Frameworks */,
				5CEA9CB51AA008DD000C4B54 /* Resources */,
			);
			buildRules = (
			);
			dependencies = (
				5CEA9CB91AA008DD000C4B54 /* PBXTargetDependency */,
			);
			name = SwiftHillsTests;
			productName = SwiftHillsTests;
			productReference = 5CEA9CB71AA008DD000C4B54 /* SwiftHillsTests.xctest */;
			productType = "com.apple.product-type.bundle.unit-test";
		};
/* End PBXNativeTarget section */

/* Begin PBXProject section */
		5CEA9C961AA008DD000C4B54 /* Project object */ = {
			isa = PBXProject;
			attributes = {
				LastUpgradeCheck = 0610;
				ORGANIZATIONNAME = StoryTree;
				TargetAttributes = {
					5CEA9C9D1AA008DD000C4B54 = {
						CreatedOnToolsVersion = 6.1.1;
					};
					5CEA9CB61AA008DD000C4B54 = {
						CreatedOnToolsVersion = 6.1.1;
						TestTargetID = 5CEA9C9D1AA008DD000C4B54;
					};
				};
			};
			buildConfigurationList = 5CEA9C991AA008DD000C4B54 /* Build configuration list for PBXProject "SwiftHills" */;
			compatibilityVersion = "Xcode 3.2";
			developmentRegion = English;
			hasScannedForEncodings = 0;
			knownRegions = (
				en,
				Base,
			);
			mainGroup = 5CEA9C951AA008DD000C4B54;
			productRefGroup = 5CEA9C9F1AA008DD000C4B54 /* Products */;
			projectDirPath = "";
			projectRoot = "";
			targets = (
				5CEA9C9D1AA008DD000C4B54 /* SwiftHills */,
				5CEA9CB61AA008DD000C4B54 /* SwiftHillsTests */,
			);
		};
/* End PBXProject section */

/* Begin PBXResourcesBuildPhase section */
		5CEA9C9C1AA008DD000C4B54 /* Resources */ = {
			isa = PBXResourcesBuildPhase;
			buildActionMask = 2147483647;
			files = (
				729781AB1AA3013800648132 /* SpaceGame.caf in Resources */,
				729781A81AA3013800648132 /* laser_ship.caf in Resources */,
				729781951AA3013800648132 /* bg_galaxy.png in Resources */,
				7297819F1AA3013800648132 /* star1.png in Resources */,
				5CEA9CB21AA008DD000C4B54 /* LaunchScreen.xib in Resources */,
				7297819C1AA3013800648132 /* icon-medium@2x.png in Resources */,
				7297819D1AA3013800648132 /* icon-small.png in Resources */,
				729781A51AA3013800648132 /* explosion_large.caf in Resources */,
				729781A61AA3013800648132 /* explosion_small.caf in Resources */,
				729781941AA3013800648132 /* bg_front_spacedust.png in Resources */,
				729781961AA3013800648132 /* bg_planetsunrise.png in Resources */,
				5CEA9CAF1AA008DD000C4B54 /* Images.xcassets in Resources */,
				729781A71AA3013800648132 /* laser_enemy.caf in Resources */,
				729781AC1AA3013800648132 /* SpaceShooter.atlas in Resources */,
				729781A01AA3013800648132 /* star2.png in Resources */,
				729781A41AA3013800648132 /* stars3.sks in Resources */,
				729781A11AA3013800648132 /* star3.png in Resources */,
				7248D2851AAD9E51004656F3 /* hill.png in Resources */,
				729781A91AA3013800648132 /* powerup.caf in Resources */,
				720DB4611AAE48E600F0B832 /* hill2.png in Resources */,
				5CEA9CA61AA008DD000C4B54 /* GameScene.sks in Resources */,
				729781AA1AA3013800648132 /* shake.caf in Resources */,
				729781971AA3013800648132 /* bg_spacialanomaly.png in Resources */,
				7297819B1AA3013800648132 /* icon-medium.png in Resources */,
				5CEA9CAD1AA008DD000C4B54 /* Main.storyboard in Resources */,
				7297819E1AA3013800648132 /* icon-small@2x.png in Resources */,
				729781A21AA3013800648132 /* stars1.sks in Resources */,
				729781981AA3013800648132 /* bg_spacialanomaly2.png in Resources */,
				7297819A1AA3013800648132 /* icon-large@2x.png in Resources */,
				729781A31AA3013800648132 /* stars2.sks in Resources */,
			);
			runOnlyForDeploymentPostprocessing = 0;
		};
		5CEA9CB51AA008DD000C4B54 /* Resources */ = {
			isa = PBXResourcesBuildPhase;
			buildActionMask = 2147483647;
			files = (
			);
			runOnlyForDeploymentPostprocessing = 0;
		};
/* End PBXResourcesBuildPhase section */

/* Begin PBXSourcesBuildPhase section */
		5CEA9C9A1AA008DD000C4B54 /* Sources */ = {
			isa = PBXSourcesBuildPhase;
			buildActionMask = 2147483647;
			files = (
				729781B41AA81F0800648132 /* Dillo.swift in Sources */,
				5CEA9CC81AA009D4000C4B54 /* ParallaxNode.swift in Sources */,
				5CEA9CA81AA008DD000C4B54 /* GameScene.swift in Sources */,
				5CEA9CAA1AA008DD000C4B54 /* GameViewController.swift in Sources */,
				7248D2831AABDC5B004656F3 /* Hill.swift in Sources */,
				5CEA9CA41AA008DD000C4B54 /* AppDelegate.swift in Sources */,
				720DB4651AAECA5200F0B832 /* World.swift in Sources */,
				720DB4631AAEA13300F0B832 /* GameNode.swift in Sources */,
				729781B61AA81F1800648132 /* Coin.swift in Sources */,
			);
			runOnlyForDeploymentPostprocessing = 0;
		};
		5CEA9CB31AA008DD000C4B54 /* Sources */ = {
			isa = PBXSourcesBuildPhase;
			buildActionMask = 2147483647;
			files = (
				5CEA9CBE1AA008DD000C4B54 /* SwiftHillsTests.swift in Sources */,
			);
			runOnlyForDeploymentPostprocessing = 0;
		};
/* End PBXSourcesBuildPhase section */

/* Begin PBXTargetDependency section */
		5CEA9CB91AA008DD000C4B54 /* PBXTargetDependency */ = {
			isa = PBXTargetDependency;
			target = 5CEA9C9D1AA008DD000C4B54 /* SwiftHills */;
			targetProxy = 5CEA9CB81AA008DD000C4B54 /* PBXContainerItemProxy */;
		};
/* End PBXTargetDependency section */

/* Begin PBXVariantGroup section */
		5CEA9CAB1AA008DD000C4B54 /* Main.storyboard */ = {
			isa = PBXVariantGroup;
			children = (
				5CEA9CAC1AA008DD000C4B54 /* Base */,
			);
			name = Main.storyboard;
			sourceTree = "<group>";
		};
		5CEA9CB01AA008DD000C4B54 /* LaunchScreen.xib */ = {
			isa = PBXVariantGroup;
			children = (
				5CEA9CB11AA008DD000C4B54 /* Base */,
			);
			name = LaunchScreen.xib;
			sourceTree = "<group>";
		};
/* End PBXVariantGroup section */

/* Begin XCBuildConfiguration section */
		5CEA9CBF1AA008DD000C4B54 /* Debug */ = {
			isa = XCBuildConfiguration;
			buildSettings = {
				ALWAYS_SEARCH_USER_PATHS = NO;
				CLANG_CXX_LANGUAGE_STANDARD = "gnu++0x";
				CLANG_CXX_LIBRARY = "libc++";
				CLANG_ENABLE_MODULES = YES;
				CLANG_ENABLE_OBJC_ARC = YES;
				CLANG_WARN_BOOL_CONVERSION = YES;
				CLANG_WARN_CONSTANT_CONVERSION = YES;
				CLANG_WARN_DIRECT_OBJC_ISA_USAGE = YES_ERROR;
				CLANG_WARN_EMPTY_BODY = YES;
				CLANG_WARN_ENUM_CONVERSION = YES;
				CLANG_WARN_INT_CONVERSION = YES;
				CLANG_WARN_OBJC_ROOT_CLASS = YES_ERROR;
				CLANG_WARN_UNREACHABLE_CODE = YES;
				CLANG_WARN__DUPLICATE_METHOD_MATCH = YES;
				"CODE_SIGN_IDENTITY[sdk=iphoneos*]" = "iPhone Developer";
				COPY_PHASE_STRIP = NO;
				ENABLE_STRICT_OBJC_MSGSEND = YES;
				GCC_C_LANGUAGE_STANDARD = gnu99;
				GCC_DYNAMIC_NO_PIC = NO;
				GCC_OPTIMIZATION_LEVEL = 0;
				GCC_PREPROCESSOR_DEFINITIONS = (
					"DEBUG=1",
					"$(inherited)",
				);
				GCC_SYMBOLS_PRIVATE_EXTERN = NO;
				GCC_WARN_64_TO_32_BIT_CONVERSION = YES;
				GCC_WARN_ABOUT_RETURN_TYPE = YES_ERROR;
				GCC_WARN_UNDECLARED_SELECTOR = YES;
				GCC_WARN_UNINITIALIZED_AUTOS = YES_AGGRESSIVE;
				GCC_WARN_UNUSED_FUNCTION = YES;
				GCC_WARN_UNUSED_VARIABLE = YES;
				IPHONEOS_DEPLOYMENT_TARGET = 8.1;
				MTL_ENABLE_DEBUG_INFO = YES;
				ONLY_ACTIVE_ARCH = YES;
				SDKROOT = iphoneos;
				SWIFT_OPTIMIZATION_LEVEL = "-Onone";
			};
			name = Debug;
		};
		5CEA9CC01AA008DD000C4B54 /* Release */ = {
			isa = XCBuildConfiguration;
			buildSettings = {
				ALWAYS_SEARCH_USER_PATHS = NO;
				CLANG_CXX_LANGUAGE_STANDARD = "gnu++0x";
				CLANG_CXX_LIBRARY = "libc++";
				CLANG_ENABLE_MODULES = YES;
				CLANG_ENABLE_OBJC_ARC = YES;
				CLANG_WARN_BOOL_CONVERSION = YES;
				CLANG_WARN_CONSTANT_CONVERSION = YES;
				CLANG_WARN_DIRECT_OBJC_ISA_USAGE = YES_ERROR;
				CLANG_WARN_EMPTY_BODY = YES;
				CLANG_WARN_ENUM_CONVERSION = YES;
				CLANG_WARN_INT_CONVERSION = YES;
				CLANG_WARN_OBJC_ROOT_CLASS = YES_ERROR;
				CLANG_WARN_UNREACHABLE_CODE = YES;
				CLANG_WARN__DUPLICATE_METHOD_MATCH = YES;
				"CODE_SIGN_IDENTITY[sdk=iphoneos*]" = "iPhone Developer";
				COPY_PHASE_STRIP = YES;
				ENABLE_NS_ASSERTIONS = NO;
				ENABLE_STRICT_OBJC_MSGSEND = YES;
				GCC_C_LANGUAGE_STANDARD = gnu99;
				GCC_WARN_64_TO_32_BIT_CONVERSION = YES;
				GCC_WARN_ABOUT_RETURN_TYPE = YES_ERROR;
				GCC_WARN_UNDECLARED_SELECTOR = YES;
				GCC_WARN_UNINITIALIZED_AUTOS = YES_AGGRESSIVE;
				GCC_WARN_UNUSED_FUNCTION = YES;
				GCC_WARN_UNUSED_VARIABLE = YES;
				IPHONEOS_DEPLOYMENT_TARGET = 8.1;
				MTL_ENABLE_DEBUG_INFO = NO;
				SDKROOT = iphoneos;
				VALIDATE_PRODUCT = YES;
			};
			name = Release;
		};
		5CEA9CC21AA008DD000C4B54 /* Debug */ = {
			isa = XCBuildConfiguration;
			buildSettings = {
				ASSETCATALOG_COMPILER_APPICON_NAME = AppIcon;
				INFOPLIST_FILE = SwiftHills/Info.plist;
				LD_RUNPATH_SEARCH_PATHS = "$(inherited) @executable_path/Frameworks";
				PRODUCT_NAME = "$(TARGET_NAME)";
			};
			name = Debug;
		};
		5CEA9CC31AA008DD000C4B54 /* Release */ = {
			isa = XCBuildConfiguration;
			buildSettings = {
				ASSETCATALOG_COMPILER_APPICON_NAME = AppIcon;
				INFOPLIST_FILE = SwiftHills/Info.plist;
				LD_RUNPATH_SEARCH_PATHS = "$(inherited) @executable_path/Frameworks";
				PRODUCT_NAME = "$(TARGET_NAME)";
			};
			name = Release;
		};
		5CEA9CC51AA008DD000C4B54 /* Debug */ = {
			isa = XCBuildConfiguration;
			buildSettings = {
				BUNDLE_LOADER = "$(TEST_HOST)";
				FRAMEWORK_SEARCH_PATHS = (
					"$(SDKROOT)/Developer/Library/Frameworks",
					"$(inherited)",
				);
				GCC_PREPROCESSOR_DEFINITIONS = (
					"DEBUG=1",
					"$(inherited)",
				);
				INFOPLIST_FILE = SwiftHillsTests/Info.plist;
				LD_RUNPATH_SEARCH_PATHS = "$(inherited) @executable_path/Frameworks @loader_path/Frameworks";
				PRODUCT_NAME = "$(TARGET_NAME)";
				TEST_HOST = "$(BUILT_PRODUCTS_DIR)/SwiftHills.app/SwiftHills";
			};
			name = Debug;
		};
		5CEA9CC61AA008DD000C4B54 /* Release */ = {
			isa = XCBuildConfiguration;
			buildSettings = {
				BUNDLE_LOADER = "$(TEST_HOST)";
				FRAMEWORK_SEARCH_PATHS = (
					"$(SDKROOT)/Developer/Library/Frameworks",
					"$(inherited)",
				);
				INFOPLIST_FILE = SwiftHillsTests/Info.plist;
				LD_RUNPATH_SEARCH_PATHS = "$(inherited) @executable_path/Frameworks @loader_path/Frameworks";
				PRODUCT_NAME = "$(TARGET_NAME)";
				TEST_HOST = "$(BUILT_PRODUCTS_DIR)/SwiftHills.app/SwiftHills";
			};
			name = Release;
		};
/* End XCBuildConfiguration section */

/* Begin XCConfigurationList section */
		5CEA9C991AA008DD000C4B54 /* Build configuration list for PBXProject "SwiftHills" */ = {
			isa = XCConfigurationList;
			buildConfigurations = (
				5CEA9CBF1AA008DD000C4B54 /* Debug */,
				5CEA9CC01AA008DD000C4B54 /* Release */,
			);
			defaultConfigurationIsVisible = 0;
			defaultConfigurationName = Release;
		};
		5CEA9CC11AA008DD000C4B54 /* Build configuration list for PBXNativeTarget "SwiftHills" */ = {
			isa = XCConfigurationList;
			buildConfigurations = (
				5CEA9CC21AA008DD000C4B54 /* Debug */,
				5CEA9CC31AA008DD000C4B54 /* Release */,
			);
			defaultConfigurationIsVisible = 0;
			defaultConfigurationName = Release;
		};
		5CEA9CC41AA008DD000C4B54 /* Build configuration list for PBXNativeTarget "SwiftHillsTests" */ = {
			isa = XCConfigurationList;
			buildConfigurations = (
				5CEA9CC51AA008DD000C4B54 /* Debug */,
				5CEA9CC61AA008DD000C4B54 /* Release */,
			);
			defaultConfigurationIsVisible = 0;
			defaultConfigurationName = Release;
		};
/* End XCConfigurationList section */
	};
	rootObject = 5CEA9C961AA008DD000C4B54 /* Project object */;
}
